
Microsoft Visual Studio Solution File, Format Version 12.00
# Visual Studio Version 17
VisualStudioVersion = 17.12.35527.113
MinimumVisualStudioVersion = 10.0.40219.1
Project("{2150E333-8FDC-42A3-9474-1A3956D46DE8}") = "Services", "Services", "{E03B3960-738E-41D9-ADE1-0CB8106916B6}"
EndProject
Project("{2150E333-8FDC-42A3-9474-1A3956D46DE8}") = "Catalog", "Catalog", "{877E6D01-6071-46A8-B747-F7BDABBFB585}"
EndProject
Project("{FAE04EC0-301F-11D3-BF4B-00C04F79EFBC}") = "Catalog.API", "Services\Catalog\Catalog.API\Catalog.API.csproj", "{1B7AD9C7-2A40-41D2-A45E-325F22219FC2}"
EndProject
Project("{2150E333-8FDC-42A3-9474-1A3956D46DE8}") = "BuildingBlocks", "BuildingBlocks", "{C39F4BAF-80F9-4B0F-8DBB-D0CBBD5D866D}"
EndProject
Project("{FAE04EC0-301F-11D3-BF4B-00C04F79EFBC}") = "BuildingBlocks", "BuildingBlocks\BuildingBlocks\BuildingBlocks.csproj", "{E0AD2BCB-2A7F-4886-A66D-F35075DF28E0}"
EndProject
Project("{E53339B2-1760-4266-BCC7-CA923CBCF16C}") = "docker-compose", "docker-compose.dcproj", "{81DDED9D-158B-E303-5F62-77A2896D2A5A}"
EndProject
Global
	GlobalSection(SolutionConfigurationPlatforms) = preSolution
		Debug|Any CPU = Debug|Any CPU
		Release|Any CPU = Release|Any CPU
	EndGlobalSection
	GlobalSection(ProjectConfigurationPlatforms) = postSolution
		{1B7AD9C7-2A40-41D2-A45E-325F22219FC2}.Debug|Any CPU.ActiveCfg = Debug|Any CPU
		{1B7AD9C7-2A40-41D2-A45E-325F22219FC2}.Debug|Any CPU.Build.0 = Debug|Any CPU
		{1B7AD9C7-2A40-41D2-A45E-325F22219FC2}.Release|Any CPU.ActiveCfg = Release|Any CPU
		{1B7AD9C7-2A40-41D2-A45E-325F22219FC2}.Release|Any CPU.Build.0 = Release|Any CPU
		{E0AD2BCB-2A7F-4886-A66D-F35075DF28E0}.Debug|Any CPU.ActiveCfg = Debug|Any CPU
		{E0AD2BCB-2A7F-4886-A66D-F35075DF28E0}.Debug|Any CPU.Build.0 = Debug|Any CPU
		{E0AD2BCB-2A7F-4886-A66D-F35075DF28E0}.Release|Any CPU.ActiveCfg = Release|Any CPU
		{E0AD2BCB-2A7F-4886-A66D-F35075DF28E0}.Release|Any CPU.Build.0 = Release|Any CPU
		{81DDED9D-158B-E303-5F62-77A2896D2A5A}.Debug|Any CPU.ActiveCfg = Debug|Any CPU
		{81DDED9D-158B-E303-5F62-77A2896D2A5A}.Debug|Any CPU.Build.0 = Debug|Any CPU
		{81DDED9D-158B-E303-5F62-77A2896D2A5A}.Release|Any CPU.ActiveCfg = Release|Any CPU
		{81DDED9D-158B-E303-5F62-77A2896D2A5A}.Release|Any CPU.Build.0 = Release|Any CPU
	EndGlobalSection
	GlobalSection(SolutionProperties) = preSolution
		HideSolutionNode = FALSE
	EndGlobalSection
	GlobalSection(NestedProjects) = preSolution
		{877E6D01-6071-46A8-B747-F7BDABBFB585} = {E03B3960-738E-41D9-ADE1-0CB8106916B6}
		{1B7AD9C7-2A40-41D2-A45E-325F22219FC2} = {877E6D01-6071-46A8-B747-F7BDABBFB585}
		{E0AD2BCB-2A7F-4886-A66D-F35075DF28E0} = {C39F4BAF-80F9-4B0F-8DBB-D0CBBD5D866D}
	EndGlobalSection
	GlobalSection(ExtensibilityGlobals) = postSolution
		SolutionGuid = {F5DDE704-32F2-494E-BBEF-F9185F86D541}
	EndGlobalSection
EndGlobal
